
Microsoft Visual Studio Solution File, Format Version 12.00
# Visual Studio Version 17
VisualStudioVersion = 17.14.36705.20
MinimumVisualStudioVersion = 10.0.40219.1
Project("{FAE04EC0-301F-11D3-BF4B-00C04F79EFBC}") = "DVLD-DataAccess", "DVLD-DataAccess\DVLD-DataAccess.csproj", "{3267802C-85CC-401E-B667-D474DECFCB52}"
EndProject
Project("{FAE04EC0-301F-11D3-BF4B-00C04F79EFBC}") = "DVLD-Business", "DVLD-Business\DVLD-Business.csproj", "{863485EA-4975-405F-AC2F-9C2FD37AB562}"
EndProject
Project("{FAE04EC0-301F-11D3-BF4B-00C04F79EFBC}") = "DVLD-UI-WinForms", "DVLD-UI-WinForms\DVLD-UI-WinForms.csproj", "{02020951-F955-4B69-8CF3-BF7D59BE8D19}"
EndProject
Project("{FAE04EC0-301F-11D3-BF4B-00C04F79EFBC}") = "DVLD.DataAccess.Test", "DataAccessTest\DVLD.DataAccess.Test.csproj", "{A50312DB-51F8-4DE7-B5D7-2CD0B40036E0}"
EndProject
Project("{FAE04EC0-301F-11D3-BF4B-00C04F79EFBC}") = "DVLD-Business.Test", "DVLD-Business.Test\DVLD-Business.Test.csproj", "{AAEFA9E0-26E0-4C8F-A56D-3A1ECB1E08A5}"
EndProject
Project("{FAE04EC0-301F-11D3-BF4B-00C04F79EFBC}") = "DVLD.Shared", "DVLD.Shared\DVLD.Shared.csproj", "{7A844829-1393-4C8A-B196-8F6FF91653F2}"
EndProject
Global
	GlobalSection(SolutionConfigurationPlatforms) = preSolution
		Debug|Any CPU = Debug|Any CPU
		Release|Any CPU = Release|Any CPU
	EndGlobalSection
	GlobalSection(ProjectConfigurationPlatforms) = postSolution
		{3267802C-85CC-401E-B667-D474DECFCB52}.Debug|Any CPU.ActiveCfg = Debug|Any CPU
		{3267802C-85CC-401E-B667-D474DECFCB52}.Debug|Any CPU.Build.0 = Debug|Any CPU
		{3267802C-85CC-401E-B667-D474DECFCB52}.Release|Any CPU.ActiveCfg = Release|Any CPU
		{3267802C-85CC-401E-B667-D474DECFCB52}.Release|Any CPU.Build.0 = Release|Any CPU
		{863485EA-4975-405F-AC2F-9C2FD37AB562}.Debug|Any CPU.ActiveCfg = Debug|Any CPU
		{863485EA-4975-405F-AC2F-9C2FD37AB562}.Debug|Any CPU.Build.0 = Debug|Any CPU
		{863485EA-4975-405F-AC2F-9C2FD37AB562}.Release|Any CPU.ActiveCfg = Release|Any CPU
		{863485EA-4975-405F-AC2F-9C2FD37AB562}.Release|Any CPU.Build.0 = Release|Any CPU
		{02020951-F955-4B69-8CF3-BF7D59BE8D19}.Debug|Any CPU.ActiveCfg = Debug|Any CPU
		{02020951-F955-4B69-8CF3-BF7D59BE8D19}.Debug|Any CPU.Build.0 = Debug|Any CPU
		{02020951-F955-4B69-8CF3-BF7D59BE8D19}.Release|Any CPU.ActiveCfg = Release|Any CPU
		{02020951-F955-4B69-8CF3-BF7D59BE8D19}.Release|Any CPU.Build.0 = Release|Any CPU
		{A50312DB-51F8-4DE7-B5D7-2CD0B40036E0}.Debug|Any CPU.ActiveCfg = Debug|Any CPU
		{A50312DB-51F8-4DE7-B5D7-2CD0B40036E0}.Debug|Any CPU.Build.0 = Debug|Any CPU
		{A50312DB-51F8-4DE7-B5D7-2CD0B40036E0}.Release|Any CPU.ActiveCfg = Release|Any CPU
		{A50312DB-51F8-4DE7-B5D7-2CD0B40036E0}.Release|Any CPU.Build.0 = Release|Any CPU
		{AAEFA9E0-26E0-4C8F-A56D-3A1ECB1E08A5}.Debug|Any CPU.ActiveCfg = Debug|Any CPU
		{AAEFA9E0-26E0-4C8F-A56D-3A1ECB1E08A5}.Debug|Any CPU.Build.0 = Debug|Any CPU
		{AAEFA9E0-26E0-4C8F-A56D-3A1ECB1E08A5}.Release|Any CPU.ActiveCfg = Release|Any CPU
		{AAEFA9E0-26E0-4C8F-A56D-3A1ECB1E08A5}.Release|Any CPU.Build.0 = Release|Any CPU
		{7A844829-1393-4C8A-B196-8F6FF91653F2}.Debug|Any CPU.ActiveCfg = Debug|Any CPU
		{7A844829-1393-4C8A-B196-8F6FF91653F2}.Debug|Any CPU.Build.0 = Debug|Any CPU
		{7A844829-1393-4C8A-B196-8F6FF91653F2}.Release|Any CPU.ActiveCfg = Release|Any CPU
		{7A844829-1393-4C8A-B196-8F6FF91653F2}.Release|Any CPU.Build.0 = Release|Any CPU
	EndGlobalSection
	GlobalSection(SolutionProperties) = preSolution
		HideSolutionNode = FALSE
	EndGlobalSection
	GlobalSection(ExtensibilityGlobals) = postSolution
		SolutionGuid = {D92F3EC7-57A3-4D87-A810-BB052C761F93}
	EndGlobalSection
EndGlobal
